
Microsoft Visual Studio Solution File, Format Version 12.00
# Visual Studio 15
VisualStudioVersion = 15.0.28010.2016
MinimumVisualStudioVersion = 10.0.40219.1
Project("{FAE04EC0-301F-11D3-BF4B-00C04F79EFBC}") = "BlahovProgrammingInCSharpLab05", "BlahovProgrammingInCSharpLab05\BlahovProgrammingInCSharpLab05.csproj", "{0CB9F9F9-88D9-481D-B7E4-43F3D2BB1DD8}"
EndProject
Global
	GlobalSection(SolutionConfigurationPlatforms) = preSolution
		Debug|Any CPU = Debug|Any CPU
		Release|Any CPU = Release|Any CPU
	EndGlobalSection
	GlobalSection(ProjectConfigurationPlatforms) = postSolution
		{0CB9F9F9-88D9-481D-B7E4-43F3D2BB1DD8}.Debug|Any CPU.ActiveCfg = Debug|Any CPU
		{0CB9F9F9-88D9-481D-B7E4-43F3D2BB1DD8}.Debug|Any CPU.Build.0 = Debug|Any CPU
		{0CB9F9F9-88D9-481D-B7E4-43F3D2BB1DD8}.Release|Any CPU.ActiveCfg = Release|Any CPU
		{0CB9F9F9-88D9-481D-B7E4-43F3D2BB1DD8}.Release|Any CPU.Build.0 = Release|Any CPU
	EndGlobalSection
	GlobalSection(SolutionProperties) = preSolution
		HideSolutionNode = FALSE
	EndGlobalSection
	GlobalSection(ExtensibilityGlobals) = postSolution
		SolutionGuid = {B5D073B4-3629-4677-BCCB-4288B7D1358C}
	EndGlobalSection
EndGlobal
